
Microsoft Visual Studio Solution File, Format Version 12.00
Project("{FAE04EC0-301F-11D3-BF4B-00C04F79EFBC}") = "TestApplication", "TestApplication\TestApplication.csproj", "{48D22443-C2AC-45E7-AB93-B7AAD26DA18D}"
EndProject
Project("{FAE04EC0-301F-11D3-BF4B-00C04F79EFBC}") = "TestLibrary", "TestLibrary\TestLibrary.csproj", "{C6E3A642-084E-44E9-A756-3704616BEA7B}"
EndProject
Global
	GlobalSection(SolutionConfigurationPlatforms) = preSolution
		Debug|Any CPU = Debug|Any CPU
		Release|Any CPU = Release|Any CPU
	EndGlobalSection
	GlobalSection(ProjectConfigurationPlatforms) = postSolution
		{48D22443-C2AC-45E7-AB93-B7AAD26DA18D}.Debug|Any CPU.ActiveCfg = Debug|Any CPU
		{48D22443-C2AC-45E7-AB93-B7AAD26DA18D}.Debug|Any CPU.Build.0 = Debug|Any CPU
		{48D22443-C2AC-45E7-AB93-B7AAD26DA18D}.Release|Any CPU.ActiveCfg = Release|Any CPU
		{48D22443-C2AC-45E7-AB93-B7AAD26DA18D}.Release|Any CPU.Build.0 = Release|Any CPU
		{C6E3A642-084E-44E9-A756-3704616BEA7B}.Debug|Any CPU.ActiveCfg = Debug|Any CPU
		{C6E3A642-084E-44E9-A756-3704616BEA7B}.Debug|Any CPU.Build.0 = Debug|Any CPU
		{C6E3A642-084E-44E9-A756-3704616BEA7B}.Release|Any CPU.ActiveCfg = Release|Any CPU
		{C6E3A642-084E-44E9-A756-3704616BEA7B}.Release|Any CPU.Build.0 = Release|Any CPU
	EndGlobalSection
EndGlobal
